
Microsoft Visual Studio Solution File, Format Version 12.00
# Visual Studio 15
Project("{FAE04EC0-301F-11D3-BF4B-00C04F79EFBC}") = "UniRx", "UniRx.csproj", "{B9C9CBD1-CB93-63B4-4069-430313DE0E42}"
EndProject
Project("{FAE04EC0-301F-11D3-BF4B-00C04F79EFBC}") = "Assembly-CSharp", "Assembly-CSharp.csproj", "{4464AEF2-E0DA-D83B-9113-4282E94CA6E3}"
EndProject
Project("{FAE04EC0-301F-11D3-BF4B-00C04F79EFBC}") = "Oculus.VR", "Oculus.VR.csproj", "{763C6130-DC45-897F-86BF-B5140F7B841B}"
EndProject
Project("{FAE04EC0-301F-11D3-BF4B-00C04F79EFBC}") = "Oculus.Platform", "Oculus.Platform.csproj", "{C3953006-EC7D-8195-9DF9-727F7FEEBFB3}"
EndProject
Project("{FAE04EC0-301F-11D3-BF4B-00C04F79EFBC}") = "UniRx.Examples", "UniRx.Examples.csproj", "{83631006-5F53-280B-0C64-1A7761E0117D}"
EndProject
Project("{FAE04EC0-301F-11D3-BF4B-00C04F79EFBC}") = "Assembly-CSharp-firstpass", "Assembly-CSharp-firstpass.csproj", "{B89BF4A2-71BD-BAF5-B7FA-543F16B93EAF}"
EndProject
Project("{FAE04EC0-301F-11D3-BF4B-00C04F79EFBC}") = "Assembly-CSharp-Editor", "Assembly-CSharp-Editor.csproj", "{A1464DE3-9E72-0D34-0401-CD076AC20C8F}"
EndProject
Project("{FAE04EC0-301F-11D3-BF4B-00C04F79EFBC}") = "Oculus.VR.Scripts.Editor", "Oculus.VR.Scripts.Editor.csproj", "{9E4BCB8D-4492-0D15-7C08-DDD88A73B49E}"
EndProject
Project("{FAE04EC0-301F-11D3-BF4B-00C04F79EFBC}") = "Oculus.VR.Editor", "Oculus.VR.Editor.csproj", "{E36AC898-8934-3CB1-24F4-2338739172F5}"
EndProject
Project("{FAE04EC0-301F-11D3-BF4B-00C04F79EFBC}") = "Oculus.Platform.Editor", "Oculus.Platform.Editor.csproj", "{821071D3-04F5-931A-CDEC-F341F60BE777}"
EndProject
Global
	GlobalSection(SolutionConfigurationPlatforms) = preSolution
		Debug|Any CPU = Debug|Any CPU
		Release|Any CPU = Release|Any CPU
	EndGlobalSection
	GlobalSection(ProjectConfigurationPlatforms) = postSolution
		{B9C9CBD1-CB93-63B4-4069-430313DE0E42}.Debug|Any CPU.ActiveCfg = Debug|Any CPU
		{B9C9CBD1-CB93-63B4-4069-430313DE0E42}.Debug|Any CPU.Build.0 = Debug|Any CPU
		{B9C9CBD1-CB93-63B4-4069-430313DE0E42}.Release|Any CPU.ActiveCfg = Release|Any CPU
		{B9C9CBD1-CB93-63B4-4069-430313DE0E42}.Release|Any CPU.Build.0 = Release|Any CPU
		{4464AEF2-E0DA-D83B-9113-4282E94CA6E3}.Debug|Any CPU.ActiveCfg = Debug|Any CPU
		{4464AEF2-E0DA-D83B-9113-4282E94CA6E3}.Debug|Any CPU.Build.0 = Debug|Any CPU
		{4464AEF2-E0DA-D83B-9113-4282E94CA6E3}.Release|Any CPU.ActiveCfg = Release|Any CPU
		{4464AEF2-E0DA-D83B-9113-4282E94CA6E3}.Release|Any CPU.Build.0 = Release|Any CPU
		{763C6130-DC45-897F-86BF-B5140F7B841B}.Debug|Any CPU.ActiveCfg = Debug|Any CPU
		{763C6130-DC45-897F-86BF-B5140F7B841B}.Debug|Any CPU.Build.0 = Debug|Any CPU
		{763C6130-DC45-897F-86BF-B5140F7B841B}.Release|Any CPU.ActiveCfg = Release|Any CPU
		{763C6130-DC45-897F-86BF-B5140F7B841B}.Release|Any CPU.Build.0 = Release|Any CPU
		{C3953006-EC7D-8195-9DF9-727F7FEEBFB3}.Debug|Any CPU.ActiveCfg = Debug|Any CPU
		{C3953006-EC7D-8195-9DF9-727F7FEEBFB3}.Debug|Any CPU.Build.0 = Debug|Any CPU
		{C3953006-EC7D-8195-9DF9-727F7FEEBFB3}.Release|Any CPU.ActiveCfg = Release|Any CPU
		{C3953006-EC7D-8195-9DF9-727F7FEEBFB3}.Release|Any CPU.Build.0 = Release|Any CPU
		{83631006-5F53-280B-0C64-1A7761E0117D}.Debug|Any CPU.ActiveCfg = Debug|Any CPU
		{83631006-5F53-280B-0C64-1A7761E0117D}.Debug|Any CPU.Build.0 = Debug|Any CPU
		{83631006-5F53-280B-0C64-1A7761E0117D}.Release|Any CPU.ActiveCfg = Release|Any CPU
		{83631006-5F53-280B-0C64-1A7761E0117D}.Release|Any CPU.Build.0 = Release|Any CPU
		{B89BF4A2-71BD-BAF5-B7FA-543F16B93EAF}.Debug|Any CPU.ActiveCfg = Debug|Any CPU
		{B89BF4A2-71BD-BAF5-B7FA-543F16B93EAF}.Debug|Any CPU.Build.0 = Debug|Any CPU
		{B89BF4A2-71BD-BAF5-B7FA-543F16B93EAF}.Release|Any CPU.ActiveCfg = Release|Any CPU
		{B89BF4A2-71BD-BAF5-B7FA-543F16B93EAF}.Release|Any CPU.Build.0 = Release|Any CPU
		{A1464DE3-9E72-0D34-0401-CD076AC20C8F}.Debug|Any CPU.ActiveCfg = Debug|Any CPU
		{A1464DE3-9E72-0D34-0401-CD076AC20C8F}.Debug|Any CPU.Build.0 = Debug|Any CPU
		{A1464DE3-9E72-0D34-0401-CD076AC20C8F}.Release|Any CPU.ActiveCfg = Release|Any CPU
		{A1464DE3-9E72-0D34-0401-CD076AC20C8F}.Release|Any CPU.Build.0 = Release|Any CPU
		{9E4BCB8D-4492-0D15-7C08-DDD88A73B49E}.Debug|Any CPU.ActiveCfg = Debug|Any CPU
		{9E4BCB8D-4492-0D15-7C08-DDD88A73B49E}.Debug|Any CPU.Build.0 = Debug|Any CPU
		{9E4BCB8D-4492-0D15-7C08-DDD88A73B49E}.Release|Any CPU.ActiveCfg = Release|Any CPU
		{9E4BCB8D-4492-0D15-7C08-DDD88A73B49E}.Release|Any CPU.Build.0 = Release|Any CPU
		{E36AC898-8934-3CB1-24F4-2338739172F5}.Debug|Any CPU.ActiveCfg = Debug|Any CPU
		{E36AC898-8934-3CB1-24F4-2338739172F5}.Debug|Any CPU.Build.0 = Debug|Any CPU
		{E36AC898-8934-3CB1-24F4-2338739172F5}.Release|Any CPU.ActiveCfg = Release|Any CPU
		{E36AC898-8934-3CB1-24F4-2338739172F5}.Release|Any CPU.Build.0 = Release|Any CPU
		{821071D3-04F5-931A-CDEC-F341F60BE777}.Debug|Any CPU.ActiveCfg = Debug|Any CPU
		{821071D3-04F5-931A-CDEC-F341F60BE777}.Debug|Any CPU.Build.0 = Debug|Any CPU
		{821071D3-04F5-931A-CDEC-F341F60BE777}.Release|Any CPU.ActiveCfg = Release|Any CPU
		{821071D3-04F5-931A-CDEC-F341F60BE777}.Release|Any CPU.Build.0 = Release|Any CPU
	EndGlobalSection
	GlobalSection(SolutionProperties) = preSolution
		HideSolutionNode = FALSE
	EndGlobalSection
EndGlobal
